// !$*UTF8*$!
{
	archiveVersion = 1;
	classes = {
	};
	objectVersion = 48;
	objects = {

/* Begin PBXBuildFile section */
		64DD36A08EC784ECE2E3D723 /* Pods_mediamavics.framework in Frameworks */ = {isa = PBXBuildFile; fileRef = 773463189BE4274A6272FAB1 /* Pods_mediamavics.framework */; };
		B805F55B1FEF81380011F73E /* AppDelegate.swift in Sources */ = {isa = PBXBuildFile; fileRef = B805F55A1FEF81380011F73E /* AppDelegate.swift */; };
		B805F5601FEF81380011F73E /* Main.storyboard in Resources */ = {isa = PBXBuildFile; fileRef = B805F55E1FEF81380011F73E /* Main.storyboard */; };
		B805F5621FEF81380011F73E /* Assets.xcassets in Resources */ = {isa = PBXBuildFile; fileRef = B805F5611FEF81380011F73E /* Assets.xcassets */; };
		B805F5651FEF81380011F73E /* LaunchScreen.storyboard in Resources */ = {isa = PBXBuildFile; fileRef = B805F5631FEF81380011F73E /* LaunchScreen.storyboard */; };
		B8270E302004A2E9000D10EE /* CampaignViewController.swift in Sources */ = {isa = PBXBuildFile; fileRef = B8270E2F2004A2E9000D10EE /* CampaignViewController.swift */; };
		B88148701FF31639005C4D93 /* HomeViewController.swift in Sources */ = {isa = PBXBuildFile; fileRef = B881486F1FF31639005C4D93 /* HomeViewController.swift */; };
		B8A21EA02009241F000FA8FE /* ChannelSelection.swift in Sources */ = {isa = PBXBuildFile; fileRef = B8A21E9F2009241F000FA8FE /* ChannelSelection.swift */; };
		B8A21EA220092480000FA8FE /* Podfile in Resources */ = {isa = PBXBuildFile; fileRef = B8A21EA120092480000FA8FE /* Podfile */; };
/* End PBXBuildFile section */

/* Begin PBXFileReference section */
		773463189BE4274A6272FAB1 /* Pods_mediamavics.framework */ = {isa = PBXFileReference; explicitFileType = wrapper.framework; includeInIndex = 0; path = Pods_mediamavics.framework; sourceTree = BUILT_PRODUCTS_DIR; };
		B805F5571FEF81380011F73E /* mediamavics.app */ = {isa = PBXFileReference; explicitFileType = wrapper.application; includeInIndex = 0; path = mediamavics.app; sourceTree = BUILT_PRODUCTS_DIR; };
		B805F55A1FEF81380011F73E /* AppDelegate.swift */ = {isa = PBXFileReference; lastKnownFileType = sourcecode.swift; path = AppDelegate.swift; sourceTree = "<group>"; };
		B805F55F1FEF81380011F73E /* Base */ = {isa = PBXFileReference; lastKnownFileType = file.storyboard; name = Base; path = Base.lproj/Main.storyboard; sourceTree = "<group>"; };
		B805F5611FEF81380011F73E /* Assets.xcassets */ = {isa = PBXFileReference; lastKnownFileType = folder.assetcatalog; path = Assets.xcassets; sourceTree = "<group>"; };
		B805F5641FEF81380011F73E /* Base */ = {isa = PBXFileReference; lastKnownFileType = file.storyboard; name = Base; path = Base.lproj/LaunchScreen.storyboard; sourceTree = "<group>"; };
		B805F5661FEF81380011F73E /* Info.plist */ = {isa = PBXFileReference; lastKnownFileType = text.plist.xml; path = Info.plist; sourceTree = "<group>"; };
		B8270E2F2004A2E9000D10EE /* CampaignViewController.swift */ = {isa = PBXFileReference; lastKnownFileType = sourcecode.swift; path = CampaignViewController.swift; sourceTree = "<group>"; };
		B881486F1FF31639005C4D93 /* HomeViewController.swift */ = {isa = PBXFileReference; lastKnownFileType = sourcecode.swift; path = HomeViewController.swift; sourceTree = "<group>"; };
		B8A21E9F2009241F000FA8FE /* ChannelSelection.swift */ = {isa = PBXFileReference; lastKnownFileType = sourcecode.swift; path = ChannelSelection.swift; sourceTree = "<group>"; };
		B8A21EA120092480000FA8FE /* Podfile */ = {isa = PBXFileReference; lastKnownFileType = text; path = Podfile; sourceTree = "<group>"; xcLanguageSpecificationIdentifier = xcode.lang.ruby; };
		CFE75649274884BE8EED97C5 /* Pods-mediamavics.debug.xcconfig */ = {isa = PBXFileReference; includeInIndex = 1; lastKnownFileType = text.xcconfig; name = "Pods-mediamavics.debug.xcconfig"; path = "Pods/Target Support Files/Pods-mediamavics/Pods-mediamavics.debug.xcconfig"; sourceTree = "<group>"; };
		EEDD139E272DFA1FDC4929DC /* Pods-mediamavics.release.xcconfig */ = {isa = PBXFileReference; includeInIndex = 1; lastKnownFileType = text.xcconfig; name = "Pods-mediamavics.release.xcconfig"; path = "Pods/Target Support Files/Pods-mediamavics/Pods-mediamavics.release.xcconfig"; sourceTree = "<group>"; };
/* End PBXFileReference section */

/* Begin PBXFrameworksBuildPhase section */
		B805F5541FEF81380011F73E /* Frameworks */ = {
			isa = PBXFrameworksBuildPhase;
			buildActionMask = 2147483647;
			files = (
				64DD36A08EC784ECE2E3D723 /* Pods_mediamavics.framework in Frameworks */,
			);
			runOnlyForDeploymentPostprocessing = 0;
		};
/* End PBXFrameworksBuildPhase section */

/* Begin PBXGroup section */
		4FA45B43C63E270C6860CA16 /* Pods */ = {
			isa = PBXGroup;
			children = (
				CFE75649274884BE8EED97C5 /* Pods-mediamavics.debug.xcconfig */,
				EEDD139E272DFA1FDC4929DC /* Pods-mediamavics.release.xcconfig */,
			);
			name = Pods;
			sourceTree = "<group>";
		};
		5C629CC6178903A6C2A36B50 /* Frameworks */ = {
			isa = PBXGroup;
			children = (
				773463189BE4274A6272FAB1 /* Pods_mediamavics.framework */,
			);
			name = Frameworks;
			sourceTree = "<group>";
		};
		B805F54E1FEF81380011F73E = {
			isa = PBXGroup;
			children = (
				B805F5591FEF81380011F73E /* mediamavics */,
				B8A21EA120092480000FA8FE /* Podfile */,
				B805F5581FEF81380011F73E /* Products */,
				4FA45B43C63E270C6860CA16 /* Pods */,
				5C629CC6178903A6C2A36B50 /* Frameworks */,
			);
			sourceTree = "<group>";
		};
		B805F5581FEF81380011F73E /* Products */ = {
			isa = PBXGroup;
			children = (
				B805F5571FEF81380011F73E /* mediamavics.app */,
			);
			name = Products;
			sourceTree = "<group>";
		};
		B805F5591FEF81380011F73E /* mediamavics */ = {
			isa = PBXGroup;
			children = (
				B8A21E9C20092331000FA8FE /* Model */,
				B8A21E9D20092345000FA8FE /* View */,
				B8A21E9E20092349000FA8FE /* Controller */,
				B805F55E1FEF81380011F73E /* Main.storyboard */,
				B881486F1FF31639005C4D93 /* HomeViewController.swift */,
				B8270E2F2004A2E9000D10EE /* CampaignViewController.swift */,
				B805F5661FEF81380011F73E /* Info.plist */,
				B881486E1FF315E7005C4D93 /* Supporting Files */,
			);
			path = mediamavics;
			sourceTree = "<group>";
		};
		B881486E1FF315E7005C4D93 /* Supporting Files */ = {
			isa = PBXGroup;
			children = (
				B805F55A1FEF81380011F73E /* AppDelegate.swift */,
				B805F5611FEF81380011F73E /* Assets.xcassets */,
				B805F5631FEF81380011F73E /* LaunchScreen.storyboard */,
			);
			path = "Supporting Files";
			sourceTree = "<group>";
		};
		B8A21E9C20092331000FA8FE /* Model */ = {
			isa = PBXGroup;
			children = (
				B8A21E9F2009241F000FA8FE /* ChannelSelection.swift */,
			);
			path = Model;
			sourceTree = "<group>";
		};
		B8A21E9D20092345000FA8FE /* View */ = {
			isa = PBXGroup;
			children = (
			);
			path = View;
			sourceTree = "<group>";
		};
		B8A21E9E20092349000FA8FE /* Controller */ = {
			isa = PBXGroup;
			children = (
			);
			path = Controller;
			sourceTree = "<group>";
		};
/* End PBXGroup section */

/* Begin PBXNativeTarget section */
		B805F5561FEF81380011F73E /* mediamavics */ = {
			isa = PBXNativeTarget;
			buildConfigurationList = B805F5691FEF81380011F73E /* Build configuration list for PBXNativeTarget "mediamavics" */;
			buildPhases = (
				00B24E0BD61E96B9AC2197A2 /* [CP] Check Pods Manifest.lock */,
				B805F5531FEF81380011F73E /* Sources */,
				B805F5541FEF81380011F73E /* Frameworks */,
				B805F5551FEF81380011F73E /* Resources */,
				C23A6E10D64E6A0D9290C447 /* [CP] Embed Pods Frameworks */,
				E607F9C744D1982CF6033AEC /* [CP] Copy Pods Resources */,
			);
			buildRules = (
			);
			dependencies = (
			);
			name = mediamavics;
			productName = mediamavics;
			productReference = B805F5571FEF81380011F73E /* mediamavics.app */;
			productType = "com.apple.product-type.application";
		};
/* End PBXNativeTarget section */

/* Begin PBXProject section */
		B805F54F1FEF81380011F73E /* Project object */ = {
			isa = PBXProject;
			attributes = {
				LastSwiftUpdateCheck = 0900;
				LastUpgradeCheck = 0900;
				ORGANIZATIONNAME = JCSwifty;
				TargetAttributes = {
					B805F5561FEF81380011F73E = {
						CreatedOnToolsVersion = 9.0;
						ProvisioningStyle = Automatic;
					};
				};
			};
			buildConfigurationList = B805F5521FEF81380011F73E /* Build configuration list for PBXProject "mediamavics" */;
			compatibilityVersion = "Xcode 8.0";
			developmentRegion = en;
			hasScannedForEncodings = 0;
			knownRegions = (
				en,
				Base,
			);
			mainGroup = B805F54E1FEF81380011F73E;
			productRefGroup = B805F5581FEF81380011F73E /* Products */;
			projectDirPath = "";
			projectRoot = "";
			targets = (
				B805F5561FEF81380011F73E /* mediamavics */,
			);
		};
/* End PBXProject section */

/* Begin PBXResourcesBuildPhase section */
		B805F5551FEF81380011F73E /* Resources */ = {
			isa = PBXResourcesBuildPhase;
			buildActionMask = 2147483647;
			files = (
				B805F5651FEF81380011F73E /* LaunchScreen.storyboard in Resources */,
				B805F5621FEF81380011F73E /* Assets.xcassets in Resources */,
				B8A21EA220092480000FA8FE /* Podfile in Resources */,
				B805F5601FEF81380011F73E /* Main.storyboard in Resources */,
			);
			runOnlyForDeploymentPostprocessing = 0;
		};
/* End PBXResourcesBuildPhase section */

/* Begin PBXShellScriptBuildPhase section */
		00B24E0BD61E96B9AC2197A2 /* [CP] Check Pods Manifest.lock */ = {
			isa = PBXShellScriptBuildPhase;
			buildActionMask = 2147483647;
			files = (
			);
			inputPaths = (
				"${PODS_PODFILE_DIR_PATH}/Podfile.lock",
				"${PODS_ROOT}/Manifest.lock",
			);
			name = "[CP] Check Pods Manifest.lock";
			outputPaths = (
				"$(DERIVED_FILE_DIR)/Pods-mediamavics-checkManifestLockResult.txt",
			);
			runOnlyForDeploymentPostprocessing = 0;
			shellPath = /bin/sh;
			shellScript = "diff \"${PODS_PODFILE_DIR_PATH}/Podfile.lock\" \"${PODS_ROOT}/Manifest.lock\" > /dev/null\nif [ $? != 0 ] ; then\n    # print error to STDERR\n    echo \"error: The sandbox is not in sync with the Podfile.lock. Run 'pod install' or update your CocoaPods installation.\" >&2\n    exit 1\nfi\n# This output is used by Xcode 'outputs' to avoid re-running this script phase.\necho \"SUCCESS\" > \"${SCRIPT_OUTPUT_FILE_0}\"\n";
			showEnvVarsInLog = 0;
		};
		C23A6E10D64E6A0D9290C447 /* [CP] Embed Pods Frameworks */ = {
			isa = PBXShellScriptBuildPhase;
			buildActionMask = 2147483647;
			files = (
			);
			inputPaths = (
				"${SRCROOT}/Pods/Target Support Files/Pods-mediamavics/Pods-mediamavics-frameworks.sh",
				"${BUILT_PRODUCTS_DIR}/Realm/Realm.framework",
				"${BUILT_PRODUCTS_DIR}/RealmSwift/RealmSwift.framework",
			);
			name = "[CP] Embed Pods Frameworks";
			outputPaths = (
				"${TARGET_BUILD_DIR}/${FRAMEWORKS_FOLDER_PATH}/Realm.framework",
				"${TARGET_BUILD_DIR}/${FRAMEWORKS_FOLDER_PATH}/RealmSwift.framework",
			);
			runOnlyForDeploymentPostprocessing = 0;
			shellPath = /bin/sh;
			shellScript = "\"${SRCROOT}/Pods/Target Support Files/Pods-mediamavics/Pods-mediamavics-frameworks.sh\"\n";
			showEnvVarsInLog = 0;
		};
		E607F9C744D1982CF6033AEC /* [CP] Copy Pods Resources */ = {
			isa = PBXShellScriptBuildPhase;
			buildActionMask = 2147483647;
			files = (
			);
			inputPaths = (
			);
			name = "[CP] Copy Pods Resources";
			outputPaths = (
			);
			runOnlyForDeploymentPostprocessing = 0;
			shellPath = /bin/sh;
			shellScript = "\"${SRCROOT}/Pods/Target Support Files/Pods-mediamavics/Pods-mediamavics-resources.sh\"\n";
			showEnvVarsInLog = 0;
		};
/* End PBXShellScriptBuildPhase section */

/* Begin PBXSourcesBuildPhase section */
		B805F5531FEF81380011F73E /* Sources */ = {
			isa = PBXSourcesBuildPhase;
			buildActionMask = 2147483647;
			files = (
				B8A21EA02009241F000FA8FE /* ChannelSelection.swift in Sources */,
				B8270E302004A2E9000D10EE /* CampaignViewController.swift in Sources */,
				B805F55B1FEF81380011F73E /* AppDelegate.swift in Sources */,
				B88148701FF31639005C4D93 /* HomeViewController.swift in Sources */,
			);
			runOnlyForDeploymentPostprocessing = 0;
		};
/* End PBXSourcesBuildPhase section */

/* Begin PBXVariantGroup section */
		B805F55E1FEF81380011F73E /* Main.storyboard */ = {
			isa = PBXVariantGroup;
			children = (
				B805F55F1FEF81380011F73E /* Base */,
			);
			name = Main.storyboard;
			sourceTree = "<group>";
		};
		B805F5631FEF81380011F73E /* LaunchScreen.storyboard */ = {
			isa = PBXVariantGroup;
			children = (
				B805F5641FEF81380011F73E /* Base */,
			);
			name = LaunchScreen.storyboard;
			sourceTree = "<group>";
		};
/* End PBXVariantGroup section */

/* Begin XCBuildConfiguration section */
		B805F5671FEF81380011F73E /* Debug */ = {
			isa = XCBuildConfiguration;
			buildSettings = {
				ALWAYS_SEARCH_USER_PATHS = NO;
				CLANG_ANALYZER_NONNULL = YES;
				CLANG_ANALYZER_NUMBER_OBJECT_CONVERSION = YES_AGGRESSIVE;
				CLANG_CXX_LANGUAGE_STANDARD = "gnu++14";
				CLANG_CXX_LIBRARY = "libc++";
				CLANG_ENABLE_MODULES = YES;
				CLANG_ENABLE_OBJC_ARC = YES;
				CLANG_WARN_BLOCK_CAPTURE_AUTORELEASING = YES;
				CLANG_WARN_BOOL_CONVERSION = YES;
				CLANG_WARN_COMMA = YES;
				CLANG_WARN_CONSTANT_CONVERSION = YES;
				CLANG_WARN_DIRECT_OBJC_ISA_USAGE = YES_ERROR;
				CLANG_WARN_DOCUMENTATION_COMMENTS = YES;
				CLANG_WARN_EMPTY_BODY = YES;
				CLANG_WARN_ENUM_CONVERSION = YES;
				CLANG_WARN_INFINITE_RECURSION = YES;
				CLANG_WARN_INT_CONVERSION = YES;
				CLANG_WARN_NON_LITERAL_NULL_CONVERSION = YES;
				CLANG_WARN_OBJC_LITERAL_CONVERSION = YES;
				CLANG_WARN_OBJC_ROOT_CLASS = YES_ERROR;
				CLANG_WARN_RANGE_LOOP_ANALYSIS = YES;
				CLANG_WARN_STRICT_PROTOTYPES = YES;
				CLANG_WARN_SUSPICIOUS_MOVE = YES;
				CLANG_WARN_UNGUARDED_AVAILABILITY = YES_AGGRESSIVE;
				CLANG_WARN_UNREACHABLE_CODE = YES;
				CLANG_WARN__DUPLICATE_METHOD_MATCH = YES;
				CODE_SIGN_IDENTITY = "iPhone Developer";
				COPY_PHASE_STRIP = NO;
				DEBUG_INFORMATION_FORMAT = dwarf;
				ENABLE_STRICT_OBJC_MSGSEND = YES;
				ENABLE_TESTABILITY = YES;
				GCC_C_LANGUAGE_STANDARD = gnu11;
				GCC_DYNAMIC_NO_PIC = NO;
				GCC_NO_COMMON_BLOCKS = YES;
				GCC_OPTIMIZATION_LEVEL = 0;
				GCC_PREPROCESSOR_DEFINITIONS = (
					"DEBUG=1",
					"$(inherited)",
				);
				GCC_WARN_64_TO_32_BIT_CONVERSION = YES;
				GCC_WARN_ABOUT_RETURN_TYPE = YES_ERROR;
				GCC_WARN_UNDECLARED_SELECTOR = YES;
				GCC_WARN_UNINITIALIZED_AUTOS = YES_AGGRESSIVE;
				GCC_WARN_UNUSED_FUNCTION = YES;
				GCC_WARN_UNUSED_VARIABLE = YES;
				IPHONEOS_DEPLOYMENT_TARGET = 11.0;
				MTL_ENABLE_DEBUG_INFO = YES;
				ONLY_ACTIVE_ARCH = YES;
				SDKROOT = iphoneos;
				SWIFT_ACTIVE_COMPILATION_CONDITIONS = DEBUG;
				SWIFT_OPTIMIZATION_LEVEL = "-Onone";
			};
			name = Debug;
		};
		B805F5681FEF81380011F73E /* Release */ = {
			isa = XCBuildConfiguration;
			buildSettings = {
				ALWAYS_SEARCH_USER_PATHS = NO;
				CLANG_ANALYZER_NONNULL = YES;
				CLANG_ANALYZER_NUMBER_OBJECT_CONVERSION = YES_AGGRESSIVE;
				CLANG_CXX_LANGUAGE_STANDARD = "gnu++14";
				CLANG_CXX_LIBRARY = "libc++";
				CLANG_ENABLE_MODULES = YES;
				CLANG_ENABLE_OBJC_ARC = YES;
				CLANG_WARN_BLOCK_CAPTURE_AUTORELEASING = YES;
				CLANG_WARN_BOOL_CONVERSION = YES;
				CLANG_WARN_COMMA = YES;
				CLANG_WARN_CONSTANT_CONVERSION = YES;
				CLANG_WARN_DIRECT_OBJC_ISA_USAGE = YES_ERROR;
				CLANG_WARN_DOCUMENTATION_COMMENTS = YES;
				CLANG_WARN_EMPTY_BODY = YES;
				CLANG_WARN_ENUM_CONVERSION = YES;
				CLANG_WARN_INFINITE_RECURSION = YES;
				CLANG_WARN_INT_CONVERSION = YES;
				CLANG_WARN_NON_LITERAL_NULL_CONVERSION = YES;
				CLANG_WARN_OBJC_LITERAL_CONVERSION = YES;
				CLANG_WARN_OBJC_ROOT_CLASS = YES_ERROR;
				CLANG_WARN_RANGE_LOOP_ANALYSIS = YES;
				CLANG_WARN_STRICT_PROTOTYPES = YES;
				CLANG_WARN_SUSPICIOUS_MOVE = YES;
				CLANG_WARN_UNGUARDED_AVAILABILITY = YES_AGGRESSIVE;
				CLANG_WARN_UNREACHABLE_CODE = YES;
				CLANG_WARN__DUPLICATE_METHOD_MATCH = YES;
				CODE_SIGN_IDENTITY = "iPhone Developer";
				COPY_PHASE_STRIP = NO;
				DEBUG_INFORMATION_FORMAT = "dwarf-with-dsym";
				ENABLE_NS_ASSERTIONS = NO;
				ENABLE_STRICT_OBJC_MSGSEND = YES;
				GCC_C_LANGUAGE_STANDARD = gnu11;
				GCC_NO_COMMON_BLOCKS = YES;
				GCC_WARN_64_TO_32_BIT_CONVERSION = YES;
				GCC_WARN_ABOUT_RETURN_TYPE = YES_ERROR;
				GCC_WARN_UNDECLARED_SELECTOR = YES;
				GCC_WARN_UNINITIALIZED_AUTOS = YES_AGGRESSIVE;
				GCC_WARN_UNUSED_FUNCTION = YES;
				GCC_WARN_UNUSED_VARIABLE = YES;
				IPHONEOS_DEPLOYMENT_TARGET = 11.0;
				MTL_ENABLE_DEBUG_INFO = NO;
				SDKROOT = iphoneos;
				SWIFT_OPTIMIZATION_LEVEL = "-Owholemodule";
				VALIDATE_PRODUCT = YES;
			};
			name = Release;
		};
		B805F56A1FEF81380011F73E /* Debug */ = {
			isa = XCBuildConfiguration;
			baseConfigurationReference = CFE75649274884BE8EED97C5 /* Pods-mediamavics.debug.xcconfig */;
			buildSettings = {
				ASSETCATALOG_COMPILER_APPICON_NAME = AppIcon;
				CODE_SIGN_STYLE = Automatic;
				DEVELOPMENT_TEAM = 3L8W3EB4SJ;
				INFOPLIST_FILE = mediamavics/Info.plist;
				LD_RUNPATH_SEARCH_PATHS = "$(inherited) @executable_path/Frameworks";
				PRODUCT_BUNDLE_IDENTIFIER = com.jcswifty.mediamavics;
				PRODUCT_NAME = "$(TARGET_NAME)";
				SWIFT_VERSION = 4.0;
				TARGETED_DEVICE_FAMILY = "1,2";
			};
			name = Debug;
		};
		B805F56B1FEF81380011F73E /* Release */ = {
			isa = XCBuildConfiguration;
			baseConfigurationReference = EEDD139E272DFA1FDC4929DC /* Pods-mediamavics.release.xcconfig */;
			buildSettings = {
				ASSETCATALOG_COMPILER_APPICON_NAME = AppIcon;
				CODE_SIGN_STYLE = Automatic;
				DEVELOPMENT_TEAM = 3L8W3EB4SJ;
				INFOPLIST_FILE = mediamavics/Info.plist;
				LD_RUNPATH_SEARCH_PATHS = "$(inherited) @executable_path/Frameworks";
				PRODUCT_BUNDLE_IDENTIFIER = com.jcswifty.mediamavics;
				PRODUCT_NAME = "$(TARGET_NAME)";
				SWIFT_VERSION = 4.0;
				TARGETED_DEVICE_FAMILY = "1,2";
			};
			name = Release;
		};
/* End XCBuildConfiguration section */

/* Begin XCConfigurationList section */
		B805F5521FEF81380011F73E /* Build configuration list for PBXProject "mediamavics" */ = {
			isa = XCConfigurationList;
			buildConfigurations = (
				B805F5671FEF81380011F73E /* Debug */,
				B805F5681FEF81380011F73E /* Release */,
			);
			defaultConfigurationIsVisible = 0;
			defaultConfigurationName = Release;
		};
		B805F5691FEF81380011F73E /* Build configuration list for PBXNativeTarget "mediamavics" */ = {
			isa = XCConfigurationList;
			buildConfigurations = (
				B805F56A1FEF81380011F73E /* Debug */,
				B805F56B1FEF81380011F73E /* Release */,
			);
			defaultConfigurationIsVisible = 0;
			defaultConfigurationName = Release;
		};
/* End XCConfigurationList section */
	};
	rootObject = B805F54F1FEF81380011F73E /* Project object */;
}
